// !$*UTF8*$!
{
	archiveVersion = 1;
	classes = {
	};
	objectVersion = 46;
	objects = {

/* Begin PBXBuildFile section */
		228AF9430DD929AEB5E9DB21 /* Pods_CbcRss.framework in Frameworks */ = {isa = PBXBuildFile; fileRef = 9D438C2D4F803ED324EBF6F2 /* Pods_CbcRss.framework */; };
		333250111EB20C8B00D20987 /* AppDelegate.swift in Sources */ = {isa = PBXBuildFile; fileRef = 333250101EB20C8B00D20987 /* AppDelegate.swift */; };
		333250161EB20C8B00D20987 /* Main.storyboard in Resources */ = {isa = PBXBuildFile; fileRef = 333250141EB20C8B00D20987 /* Main.storyboard */; };
		333250181EB20C8B00D20987 /* Assets.xcassets in Resources */ = {isa = PBXBuildFile; fileRef = 333250171EB20C8B00D20987 /* Assets.xcassets */; };
		3332501B1EB20C8B00D20987 /* LaunchScreen.storyboard in Resources */ = {isa = PBXBuildFile; fileRef = 333250191EB20C8B00D20987 /* LaunchScreen.storyboard */; };
		333250261EB20C8B00D20987 /* CbcRssTests.swift in Sources */ = {isa = PBXBuildFile; fileRef = 333250251EB20C8B00D20987 /* CbcRssTests.swift */; };
		333250461EB20FC300D20987 /* Helper.swift in Sources */ = {isa = PBXBuildFile; fileRef = 333250311EB20FC300D20987 /* Helper.swift */; };
		333250471EB20FC300D20987 /* Utils.swift in Sources */ = {isa = PBXBuildFile; fileRef = 333250321EB20FC300D20987 /* Utils.swift */; };
		333250481EB20FC300D20987 /* DetailViewController.swift in Sources */ = {isa = PBXBuildFile; fileRef = 333250341EB20FC300D20987 /* DetailViewController.swift */; };
		333250491EB20FC300D20987 /* Detail.storyboard in Resources */ = {isa = PBXBuildFile; fileRef = 333250351EB20FC300D20987 /* Detail.storyboard */; };
		3332504A1EB20FC300D20987 /* RSSAPIDataManager.swift in Sources */ = {isa = PBXBuildFile; fileRef = 333250391EB20FC300D20987 /* RSSAPIDataManager.swift */; };
		3332504B1EB20FC300D20987 /* RSSInteractor.swift in Sources */ = {isa = PBXBuildFile; fileRef = 3332503B1EB20FC300D20987 /* RSSInteractor.swift */; };
		3332504C1EB20FC300D20987 /* RSSItem.swift in Sources */ = {isa = PBXBuildFile; fileRef = 3332503C1EB20FC300D20987 /* RSSItem.swift */; };
		3332504D1EB20FC300D20987 /* RSSPresenter.swift in Sources */ = {isa = PBXBuildFile; fileRef = 3332503E1EB20FC300D20987 /* RSSPresenter.swift */; };
		3332504E1EB20FC300D20987 /* RSSProtocols.swift in Sources */ = {isa = PBXBuildFile; fileRef = 333250401EB20FC300D20987 /* RSSProtocols.swift */; };
		3332504F1EB20FC300D20987 /* RSSTableViewCell.swift in Sources */ = {isa = PBXBuildFile; fileRef = 333250421EB20FC300D20987 /* RSSTableViewCell.swift */; };
		333250501EB20FC300D20987 /* RSSViewController.swift in Sources */ = {isa = PBXBuildFile; fileRef = 333250431EB20FC300D20987 /* RSSViewController.swift */; };
		333250511EB20FC300D20987 /* RSSWireFrame.swift in Sources */ = {isa = PBXBuildFile; fileRef = 333250451EB20FC300D20987 /* RSSWireFrame.swift */; };
		A4E953DD4A43CC9D2728C95E /* Pods_CbcRssTests.framework in Frameworks */ = {isa = PBXBuildFile; fileRef = F551E80FC60CB0A01AF290A2 /* Pods_CbcRssTests.framework */; };
/* End PBXBuildFile section */

/* Begin PBXContainerItemProxy section */
		333250221EB20C8B00D20987 /* PBXContainerItemProxy */ = {
			isa = PBXContainerItemProxy;
			containerPortal = 333250051EB20C8B00D20987 /* Project object */;
			proxyType = 1;
			remoteGlobalIDString = 3332500C1EB20C8B00D20987;
			remoteInfo = CbcRss;
		};
/* End PBXContainerItemProxy section */

/* Begin PBXFileReference section */
		3332500D1EB20C8B00D20987 /* CbcRss.app */ = {isa = PBXFileReference; explicitFileType = wrapper.application; includeInIndex = 0; path = CbcRss.app; sourceTree = BUILT_PRODUCTS_DIR; };
		333250101EB20C8B00D20987 /* AppDelegate.swift */ = {isa = PBXFileReference; lastKnownFileType = sourcecode.swift; path = AppDelegate.swift; sourceTree = "<group>"; };
		333250151EB20C8B00D20987 /* Base */ = {isa = PBXFileReference; lastKnownFileType = file.storyboard; name = Base; path = Base.lproj/Main.storyboard; sourceTree = "<group>"; };
		333250171EB20C8B00D20987 /* Assets.xcassets */ = {isa = PBXFileReference; lastKnownFileType = folder.assetcatalog; path = Assets.xcassets; sourceTree = "<group>"; };
		3332501A1EB20C8B00D20987 /* Base */ = {isa = PBXFileReference; lastKnownFileType = file.storyboard; name = Base; path = Base.lproj/LaunchScreen.storyboard; sourceTree = "<group>"; };
		3332501C1EB20C8B00D20987 /* Info.plist */ = {isa = PBXFileReference; lastKnownFileType = text.plist.xml; path = Info.plist; sourceTree = "<group>"; };
		333250211EB20C8B00D20987 /* CbcRssTests.xctest */ = {isa = PBXFileReference; explicitFileType = wrapper.cfbundle; includeInIndex = 0; path = CbcRssTests.xctest; sourceTree = BUILT_PRODUCTS_DIR; };
		333250251EB20C8B00D20987 /* CbcRssTests.swift */ = {isa = PBXFileReference; lastKnownFileType = sourcecode.swift; path = CbcRssTests.swift; sourceTree = "<group>"; };
		333250271EB20C8B00D20987 /* Info.plist */ = {isa = PBXFileReference; lastKnownFileType = text.plist.xml; path = Info.plist; sourceTree = "<group>"; };
		333250311EB20FC300D20987 /* Helper.swift */ = {isa = PBXFileReference; fileEncoding = 4; lastKnownFileType = sourcecode.swift; path = Helper.swift; sourceTree = "<group>"; };
		333250321EB20FC300D20987 /* Utils.swift */ = {isa = PBXFileReference; fileEncoding = 4; lastKnownFileType = sourcecode.swift; path = Utils.swift; sourceTree = "<group>"; };
		333250341EB20FC300D20987 /* DetailViewController.swift */ = {isa = PBXFileReference; fileEncoding = 4; lastKnownFileType = sourcecode.swift; path = DetailViewController.swift; sourceTree = "<group>"; };
		333250351EB20FC300D20987 /* Detail.storyboard */ = {isa = PBXFileReference; fileEncoding = 4; lastKnownFileType = file.storyboard; path = Detail.storyboard; sourceTree = "<group>"; };
		333250391EB20FC300D20987 /* RSSAPIDataManager.swift */ = {isa = PBXFileReference; fileEncoding = 4; lastKnownFileType = sourcecode.swift; path = RSSAPIDataManager.swift; sourceTree = "<group>"; };
		3332503B1EB20FC300D20987 /* RSSInteractor.swift */ = {isa = PBXFileReference; fileEncoding = 4; lastKnownFileType = sourcecode.swift; path = RSSInteractor.swift; sourceTree = "<group>"; };
		3332503C1EB20FC300D20987 /* RSSItem.swift */ = {isa = PBXFileReference; fileEncoding = 4; lastKnownFileType = sourcecode.swift; path = RSSItem.swift; sourceTree = "<group>"; };
		3332503E1EB20FC300D20987 /* RSSPresenter.swift */ = {isa = PBXFileReference; fileEncoding = 4; lastKnownFileType = sourcecode.swift; path = RSSPresenter.swift; sourceTree = "<group>"; };
		333250401EB20FC300D20987 /* RSSProtocols.swift */ = {isa = PBXFileReference; fileEncoding = 4; lastKnownFileType = sourcecode.swift; path = RSSProtocols.swift; sourceTree = "<group>"; };
		333250421EB20FC300D20987 /* RSSTableViewCell.swift */ = {isa = PBXFileReference; fileEncoding = 4; lastKnownFileType = sourcecode.swift; path = RSSTableViewCell.swift; sourceTree = "<group>"; };
		333250431EB20FC300D20987 /* RSSViewController.swift */ = {isa = PBXFileReference; fileEncoding = 4; lastKnownFileType = sourcecode.swift; path = RSSViewController.swift; sourceTree = "<group>"; };
		333250451EB20FC300D20987 /* RSSWireFrame.swift */ = {isa = PBXFileReference; fileEncoding = 4; lastKnownFileType = sourcecode.swift; path = RSSWireFrame.swift; sourceTree = "<group>"; };
		74D8EFEF46A73BD17A23E2AA /* Pods-CbcRss.release.xcconfig */ = {isa = PBXFileReference; includeInIndex = 1; lastKnownFileType = text.xcconfig; name = "Pods-CbcRss.release.xcconfig"; path = "Pods/Target Support Files/Pods-CbcRss/Pods-CbcRss.release.xcconfig"; sourceTree = "<group>"; };
		9D438C2D4F803ED324EBF6F2 /* Pods_CbcRss.framework */ = {isa = PBXFileReference; explicitFileType = wrapper.framework; includeInIndex = 0; path = Pods_CbcRss.framework; sourceTree = BUILT_PRODUCTS_DIR; };
		B268E4233CB2C8C4FF5D4A5E /* Pods-CbcRssTests.release.xcconfig */ = {isa = PBXFileReference; includeInIndex = 1; lastKnownFileType = text.xcconfig; name = "Pods-CbcRssTests.release.xcconfig"; path = "Pods/Target Support Files/Pods-CbcRssTests/Pods-CbcRssTests.release.xcconfig"; sourceTree = "<group>"; };
		C4699F14E2254F3C4F541ED2 /* Pods-CbcRss.debug.xcconfig */ = {isa = PBXFileReference; includeInIndex = 1; lastKnownFileType = text.xcconfig; name = "Pods-CbcRss.debug.xcconfig"; path = "Pods/Target Support Files/Pods-CbcRss/Pods-CbcRss.debug.xcconfig"; sourceTree = "<group>"; };
		DDBDA9D5C39842719C2B2942 /* Pods-CbcRssTests.debug.xcconfig */ = {isa = PBXFileReference; includeInIndex = 1; lastKnownFileType = text.xcconfig; name = "Pods-CbcRssTests.debug.xcconfig"; path = "Pods/Target Support Files/Pods-CbcRssTests/Pods-CbcRssTests.debug.xcconfig"; sourceTree = "<group>"; };
		F551E80FC60CB0A01AF290A2 /* Pods_CbcRssTests.framework */ = {isa = PBXFileReference; explicitFileType = wrapper.framework; includeInIndex = 0; path = Pods_CbcRssTests.framework; sourceTree = BUILT_PRODUCTS_DIR; };
/* End PBXFileReference section */

/* Begin PBXFrameworksBuildPhase section */
		3332500A1EB20C8B00D20987 /* Frameworks */ = {
			isa = PBXFrameworksBuildPhase;
			buildActionMask = 2147483647;
			files = (
				228AF9430DD929AEB5E9DB21 /* Pods_CbcRss.framework in Frameworks */,
			);
			runOnlyForDeploymentPostprocessing = 0;
		};
		3332501E1EB20C8B00D20987 /* Frameworks */ = {
			isa = PBXFrameworksBuildPhase;
			buildActionMask = 2147483647;
			files = (
				A4E953DD4A43CC9D2728C95E /* Pods_CbcRssTests.framework in Frameworks */,
			);
			runOnlyForDeploymentPostprocessing = 0;
		};
/* End PBXFrameworksBuildPhase section */

/* Begin PBXGroup section */
		333250041EB20C8B00D20987 = {
			isa = PBXGroup;
			children = (
				3332500F1EB20C8B00D20987 /* CbcRss */,
				333250241EB20C8B00D20987 /* CbcRssTests */,
				3332500E1EB20C8B00D20987 /* Products */,
				9B56366649D9665C9D43F810 /* Pods */,
				4E11E0CB4B67E9DA27943274 /* Frameworks */,
			);
			sourceTree = "<group>";
		};
		3332500E1EB20C8B00D20987 /* Products */ = {
			isa = PBXGroup;
			children = (
				3332500D1EB20C8B00D20987 /* CbcRss.app */,
				333250211EB20C8B00D20987 /* CbcRssTests.xctest */,
			);
			name = Products;
			sourceTree = "<group>";
		};
		3332500F1EB20C8B00D20987 /* CbcRss */ = {
			isa = PBXGroup;
			children = (
				333250301EB20FC300D20987 /* Classes */,
				333250331EB20FC300D20987 /* Detail */,
				333250351EB20FC300D20987 /* Detail.storyboard */,
				333250361EB20FC300D20987 /* RSS */,
				333250101EB20C8B00D20987 /* AppDelegate.swift */,
				333250141EB20C8B00D20987 /* Main.storyboard */,
				333250171EB20C8B00D20987 /* Assets.xcassets */,
				333250191EB20C8B00D20987 /* LaunchScreen.storyboard */,
				3332501C1EB20C8B00D20987 /* Info.plist */,
			);
			path = CbcRss;
			sourceTree = "<group>";
		};
		333250241EB20C8B00D20987 /* CbcRssTests */ = {
			isa = PBXGroup;
			children = (
				333250251EB20C8B00D20987 /* CbcRssTests.swift */,
				333250271EB20C8B00D20987 /* Info.plist */,
			);
			path = CbcRssTests;
			sourceTree = "<group>";
		};
		333250301EB20FC300D20987 /* Classes */ = {
			isa = PBXGroup;
			children = (
				333250311EB20FC300D20987 /* Helper.swift */,
				333250321EB20FC300D20987 /* Utils.swift */,
			);
			path = Classes;
			sourceTree = "<group>";
		};
		333250331EB20FC300D20987 /* Detail */ = {
			isa = PBXGroup;
			children = (
				333250341EB20FC300D20987 /* DetailViewController.swift */,
			);
			path = Detail;
			sourceTree = "<group>";
		};
		333250361EB20FC300D20987 /* RSS */ = {
			isa = PBXGroup;
			children = (
				333250371EB20FC300D20987 /* DataManager */,
				3332503A1EB20FC300D20987 /* Interactor */,
				3332503D1EB20FC300D20987 /* Presenter */,
				3332503F1EB20FC300D20987 /* Protocols */,
				333250411EB20FC300D20987 /* View */,
				333250441EB20FC300D20987 /* WireFrame */,
			);
			path = RSS;
			sourceTree = "<group>";
		};
		333250371EB20FC300D20987 /* DataManager */ = {
			isa = PBXGroup;
			children = (
				333250381EB20FC300D20987 /* API */,
			);
			path = DataManager;
			sourceTree = "<group>";
		};
		333250381EB20FC300D20987 /* API */ = {
			isa = PBXGroup;
			children = (
				333250391EB20FC300D20987 /* RSSAPIDataManager.swift */,
			);
			path = API;
			sourceTree = "<group>";
		};
		3332503A1EB20FC300D20987 /* Interactor */ = {
			isa = PBXGroup;
			children = (
				3332503B1EB20FC300D20987 /* RSSInteractor.swift */,
				3332503C1EB20FC300D20987 /* RSSItem.swift */,
			);
			path = Interactor;
			sourceTree = "<group>";
		};
		3332503D1EB20FC300D20987 /* Presenter */ = {
			isa = PBXGroup;
			children = (
				3332503E1EB20FC300D20987 /* RSSPresenter.swift */,
			);
			path = Presenter;
			sourceTree = "<group>";
		};
		3332503F1EB20FC300D20987 /* Protocols */ = {
			isa = PBXGroup;
			children = (
				333250401EB20FC300D20987 /* RSSProtocols.swift */,
			);
			path = Protocols;
			sourceTree = "<group>";
		};
		333250411EB20FC300D20987 /* View */ = {
			isa = PBXGroup;
			children = (
				333250421EB20FC300D20987 /* RSSTableViewCell.swift */,
				333250431EB20FC300D20987 /* RSSViewController.swift */,
			);
			path = View;
			sourceTree = "<group>";
		};
		333250441EB20FC300D20987 /* WireFrame */ = {
			isa = PBXGroup;
			children = (
				333250451EB20FC300D20987 /* RSSWireFrame.swift */,
			);
			path = WireFrame;
			sourceTree = "<group>";
		};
		4E11E0CB4B67E9DA27943274 /* Frameworks */ = {
			isa = PBXGroup;
			children = (
				9D438C2D4F803ED324EBF6F2 /* Pods_CbcRss.framework */,
				F551E80FC60CB0A01AF290A2 /* Pods_CbcRssTests.framework */,
			);
			name = Frameworks;
			sourceTree = "<group>";
		};
		9B56366649D9665C9D43F810 /* Pods */ = {
			isa = PBXGroup;
			children = (
				C4699F14E2254F3C4F541ED2 /* Pods-CbcRss.debug.xcconfig */,
				74D8EFEF46A73BD17A23E2AA /* Pods-CbcRss.release.xcconfig */,
				DDBDA9D5C39842719C2B2942 /* Pods-CbcRssTests.debug.xcconfig */,
				B268E4233CB2C8C4FF5D4A5E /* Pods-CbcRssTests.release.xcconfig */,
			);
			name = Pods;
			sourceTree = "<group>";
		};
/* End PBXGroup section */

/* Begin PBXNativeTarget section */
		3332500C1EB20C8B00D20987 /* CbcRss */ = {
			isa = PBXNativeTarget;
			buildConfigurationList = 3332502A1EB20C8B00D20987 /* Build configuration list for PBXNativeTarget "CbcRss" */;
			buildPhases = (
				C8F24D2C96211497649D5D75 /* [CP] Check Pods Manifest.lock */,
				333250091EB20C8B00D20987 /* Sources */,
				3332500A1EB20C8B00D20987 /* Frameworks */,
				3332500B1EB20C8B00D20987 /* Resources */,
				F65F6D8E955C19FA6D7A81C4 /* [CP] Embed Pods Frameworks */,
				1584291EEE79F3AD3837F5DA /* [CP] Copy Pods Resources */,
			);
			buildRules = (
			);
			dependencies = (
			);
			name = CbcRss;
			productName = CbcRss;
			productReference = 3332500D1EB20C8B00D20987 /* CbcRss.app */;
			productType = "com.apple.product-type.application";
		};
		333250201EB20C8B00D20987 /* CbcRssTests */ = {
			isa = PBXNativeTarget;
			buildConfigurationList = 3332502D1EB20C8B00D20987 /* Build configuration list for PBXNativeTarget "CbcRssTests" */;
			buildPhases = (
				1861060652580BFBC10A03D8 /* [CP] Check Pods Manifest.lock */,
				3332501D1EB20C8B00D20987 /* Sources */,
				3332501E1EB20C8B00D20987 /* Frameworks */,
				3332501F1EB20C8B00D20987 /* Resources */,
				4399B79E7E3D29DDC8F617D7 /* [CP] Embed Pods Frameworks */,
				07E739BC0F938E30EFD40EC8 /* [CP] Copy Pods Resources */,
			);
			buildRules = (
			);
			dependencies = (
				333250231EB20C8B00D20987 /* PBXTargetDependency */,
			);
			name = CbcRssTests;
			productName = CbcRssTests;
			productReference = 333250211EB20C8B00D20987 /* CbcRssTests.xctest */;
			productType = "com.apple.product-type.bundle.unit-test";
		};
/* End PBXNativeTarget section */

/* Begin PBXProject section */
		333250051EB20C8B00D20987 /* Project object */ = {
			isa = PBXProject;
			attributes = {
				LastSwiftUpdateCheck = 0830;
				LastUpgradeCheck = 0830;
				ORGANIZATIONNAME = "Valeriy Kliuk";
				TargetAttributes = {
					3332500C1EB20C8B00D20987 = {
						CreatedOnToolsVersion = 8.3.2;
						ProvisioningStyle = Automatic;
					};
					333250201EB20C8B00D20987 = {
						CreatedOnToolsVersion = 8.3.2;
						ProvisioningStyle = Automatic;
						TestTargetID = 3332500C1EB20C8B00D20987;
					};
				};
			};
			buildConfigurationList = 333250081EB20C8B00D20987 /* Build configuration list for PBXProject "CbcRss" */;
			compatibilityVersion = "Xcode 3.2";
			developmentRegion = English;
			hasScannedForEncodings = 0;
			knownRegions = (
				en,
				Base,
			);
			mainGroup = 333250041EB20C8B00D20987;
			productRefGroup = 3332500E1EB20C8B00D20987 /* Products */;
			projectDirPath = "";
			projectRoot = "";
			targets = (
				3332500C1EB20C8B00D20987 /* CbcRss */,
				333250201EB20C8B00D20987 /* CbcRssTests */,
			);
		};
/* End PBXProject section */

/* Begin PBXResourcesBuildPhase section */
		3332500B1EB20C8B00D20987 /* Resources */ = {
			isa = PBXResourcesBuildPhase;
			buildActionMask = 2147483647;
			files = (
				3332501B1EB20C8B00D20987 /* LaunchScreen.storyboard in Resources */,
				333250181EB20C8B00D20987 /* Assets.xcassets in Resources */,
				333250161EB20C8B00D20987 /* Main.storyboard in Resources */,
				333250491EB20FC300D20987 /* Detail.storyboard in Resources */,
			);
			runOnlyForDeploymentPostprocessing = 0;
		};
		3332501F1EB20C8B00D20987 /* Resources */ = {
			isa = PBXResourcesBuildPhase;
			buildActionMask = 2147483647;
			files = (
			);
			runOnlyForDeploymentPostprocessing = 0;
		};
/* End PBXResourcesBuildPhase section */

/* Begin PBXShellScriptBuildPhase section */
		07E739BC0F938E30EFD40EC8 /* [CP] Copy Pods Resources */ = {
			isa = PBXShellScriptBuildPhase;
			buildActionMask = 2147483647;
			files = (
			);
			inputPaths = (
			);
			name = "[CP] Copy Pods Resources";
			outputPaths = (
			);
			runOnlyForDeploymentPostprocessing = 0;
			shellPath = /bin/sh;
			shellScript = "\"${SRCROOT}/Pods/Target Support Files/Pods-CbcRssTests/Pods-CbcRssTests-resources.sh\"\n";
			showEnvVarsInLog = 0;
		};
		1584291EEE79F3AD3837F5DA /* [CP] Copy Pods Resources */ = {
			isa = PBXShellScriptBuildPhase;
			buildActionMask = 2147483647;
			files = (
			);
			inputPaths = (
			);
			name = "[CP] Copy Pods Resources";
			outputPaths = (
			);
			runOnlyForDeploymentPostprocessing = 0;
			shellPath = /bin/sh;
			shellScript = "\"${SRCROOT}/Pods/Target Support Files/Pods-CbcRss/Pods-CbcRss-resources.sh\"\n";
			showEnvVarsInLog = 0;
		};
		1861060652580BFBC10A03D8 /* [CP] Check Pods Manifest.lock */ = {
			isa = PBXShellScriptBuildPhase;
			buildActionMask = 2147483647;
			files = (
			);
			inputPaths = (
			);
			name = "[CP] Check Pods Manifest.lock";
			outputPaths = (
			);
			runOnlyForDeploymentPostprocessing = 0;
			shellPath = /bin/sh;
			shellScript = "diff \"${PODS_ROOT}/../Podfile.lock\" \"${PODS_ROOT}/Manifest.lock\" > /dev/null\nif [ $? != 0 ] ; then\n    # print error to STDERR\n    echo \"error: The sandbox is not in sync with the Podfile.lock. Run 'pod install' or update your CocoaPods installation.\" >&2\n    exit 1\nfi\n";
			showEnvVarsInLog = 0;
		};
		4399B79E7E3D29DDC8F617D7 /* [CP] Embed Pods Frameworks */ = {
			isa = PBXShellScriptBuildPhase;
			buildActionMask = 2147483647;
			files = (
			);
			inputPaths = (
			);
			name = "[CP] Embed Pods Frameworks";
			outputPaths = (
			);
			runOnlyForDeploymentPostprocessing = 0;
			shellPath = /bin/sh;
			shellScript = "\"${SRCROOT}/Pods/Target Support Files/Pods-CbcRssTests/Pods-CbcRssTests-frameworks.sh\"\n";
			showEnvVarsInLog = 0;
		};
		C8F24D2C96211497649D5D75 /* [CP] Check Pods Manifest.lock */ = {
			isa = PBXShellScriptBuildPhase;
			buildActionMask = 2147483647;
			files = (
			);
			inputPaths = (
			);
			name = "[CP] Check Pods Manifest.lock";
			outputPaths = (
			);
			runOnlyForDeploymentPostprocessing = 0;
			shellPath = /bin/sh;
			shellScript = "diff \"${PODS_ROOT}/../Podfile.lock\" \"${PODS_ROOT}/Manifest.lock\" > /dev/null\nif [ $? != 0 ] ; then\n    # print error to STDERR\n    echo \"error: The sandbox is not in sync with the Podfile.lock. Run 'pod install' or update your CocoaPods installation.\" >&2\n    exit 1\nfi\n";
			showEnvVarsInLog = 0;
		};
		F65F6D8E955C19FA6D7A81C4 /* [CP] Embed Pods Frameworks */ = {
			isa = PBXShellScriptBuildPhase;
			buildActionMask = 2147483647;
			files = (
			);
			inputPaths = (
			);
			name = "[CP] Embed Pods Frameworks";
			outputPaths = (
			);
			runOnlyForDeploymentPostprocessing = 0;
			shellPath = /bin/sh;
			shellScript = "\"${SRCROOT}/Pods/Target Support Files/Pods-CbcRss/Pods-CbcRss-frameworks.sh\"\n";
			showEnvVarsInLog = 0;
		};
/* End PBXShellScriptBuildPhase section */

/* Begin PBXSourcesBuildPhase section */
		333250091EB20C8B00D20987 /* Sources */ = {
			isa = PBXSourcesBuildPhase;
			buildActionMask = 2147483647;
			files = (
				3332504E1EB20FC300D20987 /* RSSProtocols.swift in Sources */,
				333250111EB20C8B00D20987 /* AppDelegate.swift in Sources */,
				3332504B1EB20FC300D20987 /* RSSInteractor.swift in Sources */,
				333250461EB20FC300D20987 /* Helper.swift in Sources */,
				3332504C1EB20FC300D20987 /* RSSItem.swift in Sources */,
				333250471EB20FC300D20987 /* Utils.swift in Sources */,
				333250501EB20FC300D20987 /* RSSViewController.swift in Sources */,
				3332504F1EB20FC300D20987 /* RSSTableViewCell.swift in Sources */,
				3332504D1EB20FC300D20987 /* RSSPresenter.swift in Sources */,
				333250481EB20FC300D20987 /* DetailViewController.swift in Sources */,
				3332504A1EB20FC300D20987 /* RSSAPIDataManager.swift in Sources */,
				333250511EB20FC300D20987 /* RSSWireFrame.swift in Sources */,
			);
			runOnlyForDeploymentPostprocessing = 0;
		};
		3332501D1EB20C8B00D20987 /* Sources */ = {
			isa = PBXSourcesBuildPhase;
			buildActionMask = 2147483647;
			files = (
				333250261EB20C8B00D20987 /* CbcRssTests.swift in Sources */,
			);
			runOnlyForDeploymentPostprocessing = 0;
		};
/* End PBXSourcesBuildPhase section */

/* Begin PBXTargetDependency section */
		333250231EB20C8B00D20987 /* PBXTargetDependency */ = {
			isa = PBXTargetDependency;
			target = 3332500C1EB20C8B00D20987 /* CbcRss */;
			targetProxy = 333250221EB20C8B00D20987 /* PBXContainerItemProxy */;
		};
/* End PBXTargetDependency section */

/* Begin PBXVariantGroup section */
		333250141EB20C8B00D20987 /* Main.storyboard */ = {
			isa = PBXVariantGroup;
			children = (
				333250151EB20C8B00D20987 /* Base */,
			);
			name = Main.storyboard;
			sourceTree = "<group>";
		};
		333250191EB20C8B00D20987 /* LaunchScreen.storyboard */ = {
			isa = PBXVariantGroup;
			children = (
				3332501A1EB20C8B00D20987 /* Base */,
			);
			name = LaunchScreen.storyboard;
			sourceTree = "<group>";
		};
/* End PBXVariantGroup section */

/* Begin XCBuildConfiguration section */
		333250281EB20C8B00D20987 /* Debug */ = {
			isa = XCBuildConfiguration;
			buildSettings = {
				ALWAYS_SEARCH_USER_PATHS = NO;
				CLANG_ANALYZER_NONNULL = YES;
				CLANG_ANALYZER_NUMBER_OBJECT_CONVERSION = YES_AGGRESSIVE;
				CLANG_CXX_LANGUAGE_STANDARD = "gnu++0x";
				CLANG_CXX_LIBRARY = "libc++";
				CLANG_ENABLE_MODULES = YES;
				CLANG_ENABLE_OBJC_ARC = YES;
				CLANG_WARN_BOOL_CONVERSION = YES;
				CLANG_WARN_CONSTANT_CONVERSION = YES;
				CLANG_WARN_DIRECT_OBJC_ISA_USAGE = YES_ERROR;
				CLANG_WARN_DOCUMENTATION_COMMENTS = YES;
				CLANG_WARN_EMPTY_BODY = YES;
				CLANG_WARN_ENUM_CONVERSION = YES;
				CLANG_WARN_INFINITE_RECURSION = YES;
				CLANG_WARN_INT_CONVERSION = YES;
				CLANG_WARN_OBJC_ROOT_CLASS = YES_ERROR;
				CLANG_WARN_SUSPICIOUS_MOVE = YES;
				CLANG_WARN_UNREACHABLE_CODE = YES;
				CLANG_WARN__DUPLICATE_METHOD_MATCH = YES;
				"CODE_SIGN_IDENTITY[sdk=iphoneos*]" = "iPhone Developer";
				COPY_PHASE_STRIP = NO;
				DEBUG_INFORMATION_FORMAT = dwarf;
				ENABLE_STRICT_OBJC_MSGSEND = YES;
				ENABLE_TESTABILITY = YES;
				GCC_C_LANGUAGE_STANDARD = gnu99;
				GCC_DYNAMIC_NO_PIC = NO;
				GCC_NO_COMMON_BLOCKS = YES;
				GCC_OPTIMIZATION_LEVEL = 0;
				GCC_PREPROCESSOR_DEFINITIONS = (
					"DEBUG=1",
					"$(inherited)",
				);
				GCC_WARN_64_TO_32_BIT_CONVERSION = YES;
				GCC_WARN_ABOUT_RETURN_TYPE = YES_ERROR;
				GCC_WARN_UNDECLARED_SELECTOR = YES;
				GCC_WARN_UNINITIALIZED_AUTOS = YES_AGGRESSIVE;
				GCC_WARN_UNUSED_FUNCTION = YES;
				GCC_WARN_UNUSED_VARIABLE = YES;
				IPHONEOS_DEPLOYMENT_TARGET = 10.3;
				MTL_ENABLE_DEBUG_INFO = YES;
				ONLY_ACTIVE_ARCH = YES;
				SDKROOT = iphoneos;
				SWIFT_ACTIVE_COMPILATION_CONDITIONS = DEBUG;
				SWIFT_OPTIMIZATION_LEVEL = "-Onone";
			};
			name = Debug;
		};
		333250291EB20C8B00D20987 /* Release */ = {
			isa = XCBuildConfiguration;
			buildSettings = {
				ALWAYS_SEARCH_USER_PATHS = NO;
				CLANG_ANALYZER_NONNULL = YES;
				CLANG_ANALYZER_NUMBER_OBJECT_CONVERSION = YES_AGGRESSIVE;
				CLANG_CXX_LANGUAGE_STANDARD = "gnu++0x";
				CLANG_CXX_LIBRARY = "libc++";
				CLANG_ENABLE_MODULES = YES;
				CLANG_ENABLE_OBJC_ARC = YES;
				CLANG_WARN_BOOL_CONVERSION = YES;
				CLANG_WARN_CONSTANT_CONVERSION = YES;
				CLANG_WARN_DIRECT_OBJC_ISA_USAGE = YES_ERROR;
				CLANG_WARN_DOCUMENTATION_COMMENTS = YES;
				CLANG_WARN_EMPTY_BODY = YES;
				CLANG_WARN_ENUM_CONVERSION = YES;
				CLANG_WARN_INFINITE_RECURSION = YES;
				CLANG_WARN_INT_CONVERSION = YES;
				CLANG_WARN_OBJC_ROOT_CLASS = YES_ERROR;
				CLANG_WARN_SUSPICIOUS_MOVE = YES;
				CLANG_WARN_UNREACHABLE_CODE = YES;
				CLANG_WARN__DUPLICATE_METHOD_MATCH = YES;
				"CODE_SIGN_IDENTITY[sdk=iphoneos*]" = "iPhone Developer";
				COPY_PHASE_STRIP = NO;
				DEBUG_INFORMATION_FORMAT = "dwarf-with-dsym";
				ENABLE_NS_ASSERTIONS = NO;
				ENABLE_STRICT_OBJC_MSGSEND = YES;
				GCC_C_LANGUAGE_STANDARD = gnu99;
				GCC_NO_COMMON_BLOCKS = YES;
				GCC_WARN_64_TO_32_BIT_CONVERSION = YES;
				GCC_WARN_ABOUT_RETURN_TYPE = YES_ERROR;
				GCC_WARN_UNDECLARED_SELECTOR = YES;
				GCC_WARN_UNINITIALIZED_AUTOS = YES_AGGRESSIVE;
				GCC_WARN_UNUSED_FUNCTION = YES;
				GCC_WARN_UNUSED_VARIABLE = YES;
				IPHONEOS_DEPLOYMENT_TARGET = 10.3;
				MTL_ENABLE_DEBUG_INFO = NO;
				SDKROOT = iphoneos;
				SWIFT_OPTIMIZATION_LEVEL = "-Owholemodule";
				VALIDATE_PRODUCT = YES;
			};
			name = Release;
		};
		3332502B1EB20C8B00D20987 /* Debug */ = {
			isa = XCBuildConfiguration;
			baseConfigurationReference = C4699F14E2254F3C4F541ED2 /* Pods-CbcRss.debug.xcconfig */;
			buildSettings = {
				ASSETCATALOG_COMPILER_APPICON_NAME = AppIcon;
				INFOPLIST_FILE = CbcRss/Info.plist;
				LD_RUNPATH_SEARCH_PATHS = "$(inherited) @executable_path/Frameworks";
				PRODUCT_BUNDLE_IDENTIFIER = ca.kliuk.CbcRss;
				PRODUCT_NAME = "$(TARGET_NAME)";
				SWIFT_VERSION = 3.0;
			};
			name = Debug;
		};
		3332502C1EB20C8B00D20987 /* Release */ = {
			isa = XCBuildConfiguration;
			baseConfigurationReference = 74D8EFEF46A73BD17A23E2AA /* Pods-CbcRss.release.xcconfig */;
			buildSettings = {
				ASSETCATALOG_COMPILER_APPICON_NAME = AppIcon;
				INFOPLIST_FILE = CbcRss/Info.plist;
				LD_RUNPATH_SEARCH_PATHS = "$(inherited) @executable_path/Frameworks";
				PRODUCT_BUNDLE_IDENTIFIER = ca.kliuk.CbcRss;
				PRODUCT_NAME = "$(TARGET_NAME)";
				SWIFT_VERSION = 3.0;
			};
			name = Release;
		};
		3332502E1EB20C8B00D20987 /* Debug */ = {
			isa = XCBuildConfiguration;
			baseConfigurationReference = DDBDA9D5C39842719C2B2942 /* Pods-CbcRssTests.debug.xcconfig */;
			buildSettings = {
				ALWAYS_EMBED_SWIFT_STANDARD_LIBRARIES = YES;
				BUNDLE_LOADER = "$(TEST_HOST)";
				INFOPLIST_FILE = CbcRssTests/Info.plist;
				LD_RUNPATH_SEARCH_PATHS = "$(inherited) @executable_path/Frameworks @loader_path/Frameworks";
				PRODUCT_BUNDLE_IDENTIFIER = ca.kliuk.CbcRssTests;
				PRODUCT_NAME = "$(TARGET_NAME)";
				SWIFT_VERSION = 3.0;
				TEST_HOST = "$(BUILT_PRODUCTS_DIR)/CbcRss.app/CbcRss";
			};
			name = Debug;
		};
		3332502F1EB20C8B00D20987 /* Release */ = {
			isa = XCBuildConfiguration;
			baseConfigurationReference = B268E4233CB2C8C4FF5D4A5E /* Pods-CbcRssTests.release.xcconfig */;
			buildSettings = {
				ALWAYS_EMBED_SWIFT_STANDARD_LIBRARIES = YES;
				BUNDLE_LOADER = "$(TEST_HOST)";
				INFOPLIST_FILE = CbcRssTests/Info.plist;
				LD_RUNPATH_SEARCH_PATHS = "$(inherited) @executable_path/Frameworks @loader_path/Frameworks";
				PRODUCT_BUNDLE_IDENTIFIER = ca.kliuk.CbcRssTests;
				PRODUCT_NAME = "$(TARGET_NAME)";
				SWIFT_VERSION = 3.0;
				TEST_HOST = "$(BUILT_PRODUCTS_DIR)/CbcRss.app/CbcRss";
			};
			name = Release;
		};
/* End XCBuildConfiguration section */

/* Begin XCConfigurationList section */
		333250081EB20C8B00D20987 /* Build configuration list for PBXProject "CbcRss" */ = {
			isa = XCConfigurationList;
			buildConfigurations = (
				333250281EB20C8B00D20987 /* Debug */,
				333250291EB20C8B00D20987 /* Release */,
			);
			defaultConfigurationIsVisible = 0;
			defaultConfigurationName = Release;
		};
		3332502A1EB20C8B00D20987 /* Build configuration list for PBXNativeTarget "CbcRss" */ = {
			isa = XCConfigurationList;
			buildConfigurations = (
				3332502B1EB20C8B00D20987 /* Debug */,
				3332502C1EB20C8B00D20987 /* Release */,
			);
			defaultConfigurationIsVisible = 0;
			defaultConfigurationName = Release;
		};
		3332502D1EB20C8B00D20987 /* Build configuration list for PBXNativeTarget "CbcRssTests" */ = {
			isa = XCConfigurationList;
			buildConfigurations = (
				3332502E1EB20C8B00D20987 /* Debug */,
				3332502F1EB20C8B00D20987 /* Release */,
			);
			defaultConfigurationIsVisible = 0;
			defaultConfigurationName = Release;
		};
/* End XCConfigurationList section */
	};
	rootObject = 333250051EB20C8B00D20987 /* Project object */;
}
